// !$*UTF8*$!
{
	archiveVersion = 1;
	classes = {
	};
	objectVersion = 56;
	objects = {

/* Begin PBXBuildFile section */
		3775F9A32C188C4D007A9249 /* SegmentedControl.swift in Sources */ = {isa = PBXBuildFile; fileRef = 3775F9A22C188C4C007A9249 /* SegmentedControl.swift */; };
		3775F9A72C189222007A9249 /* ForecastModel.swift in Sources */ = {isa = PBXBuildFile; fileRef = 3775F9A62C189222007A9249 /* ForecastModel.swift */; };
		3775F9A92C1892D8007A9249 /* ForecastCard.swift in Sources */ = {isa = PBXBuildFile; fileRef = 3775F9A82C1892D8007A9249 /* ForecastCard.swift */; };
		3775F9AB2C18BC5D007A9249 /* NavigationBar.swift in Sources */ = {isa = PBXBuildFile; fileRef = 3775F9AA2C18BC5D007A9249 /* NavigationBar.swift */; };
		3775F9AD2C18BEA3007A9249 /* WeatherView.swift in Sources */ = {isa = PBXBuildFile; fileRef = 3775F9AC2C18BEA3007A9249 /* WeatherView.swift */; };
		3775F9AF2C18BFFF007A9249 /* WeatherWidget.swift in Sources */ = {isa = PBXBuildFile; fileRef = 3775F9AE2C18BFFF007A9249 /* WeatherWidget.swift */; };
		3778C2632C16028F00E120ED /* DreamWeatherApp.swift in Sources */ = {isa = PBXBuildFile; fileRef = 3778C2622C16028F00E120ED /* DreamWeatherApp.swift */; };
		3778C2652C16028F00E120ED /* ContentView.swift in Sources */ = {isa = PBXBuildFile; fileRef = 3778C2642C16028F00E120ED /* ContentView.swift */; };
		3778C2672C16029000E120ED /* Assets.xcassets in Resources */ = {isa = PBXBuildFile; fileRef = 3778C2662C16029000E120ED /* Assets.xcassets */; };
		3778C26A2C16029000E120ED /* Preview Assets.xcassets in Resources */ = {isa = PBXBuildFile; fileRef = 3778C2692C16029000E120ED /* Preview Assets.xcassets */; };
		3778C27D2C1606B300E120ED /* HomeView.swift in Sources */ = {isa = PBXBuildFile; fileRef = 3778C27C2C1606B300E120ED /* HomeView.swift */; };
		3778C2812C160DE800E120ED /* Extensions.swift in Sources */ = {isa = PBXBuildFile; fileRef = 3778C2802C160DE800E120ED /* Extensions.swift */; };
		3778C2832C16C56D00E120ED /* TabBar.swift in Sources */ = {isa = PBXBuildFile; fileRef = 3778C2822C16C56D00E120ED /* TabBar.swift */; };
		3778C2852C16CAE400E120ED /* Shapes.swift in Sources */ = {isa = PBXBuildFile; fileRef = 3778C2842C16CAE400E120ED /* Shapes.swift */; };
		3778C2952C16DDD200E120ED /* ForeCastView.swift in Sources */ = {isa = PBXBuildFile; fileRef = 3778C2942C16DDD200E120ED /* ForeCastView.swift */; };
		3778C29A2C16E62600E120ED /* BottomSheet in Frameworks */ = {isa = PBXBuildFile; productRef = 3778C2992C16E62600E120ED /* BottomSheet */; };
		3778C29C2C16EB6600E120ED /* Blur.swift in Sources */ = {isa = PBXBuildFile; fileRef = 3778C29B2C16EB6600E120ED /* Blur.swift */; };
/* End PBXBuildFile section */

/* Begin PBXFileReference section */
		3775F9A22C188C4C007A9249 /* SegmentedControl.swift */ = {isa = PBXFileReference; lastKnownFileType = sourcecode.swift; path = SegmentedControl.swift; sourceTree = "<group>"; };
		3775F9A62C189222007A9249 /* ForecastModel.swift */ = {isa = PBXFileReference; fileEncoding = 4; lastKnownFileType = sourcecode.swift; path = ForecastModel.swift; sourceTree = "<group>"; };
		3775F9A82C1892D8007A9249 /* ForecastCard.swift */ = {isa = PBXFileReference; lastKnownFileType = sourcecode.swift; path = ForecastCard.swift; sourceTree = "<group>"; };
		3775F9AA2C18BC5D007A9249 /* NavigationBar.swift */ = {isa = PBXFileReference; lastKnownFileType = sourcecode.swift; path = NavigationBar.swift; sourceTree = "<group>"; };
		3775F9AC2C18BEA3007A9249 /* WeatherView.swift */ = {isa = PBXFileReference; lastKnownFileType = sourcecode.swift; path = WeatherView.swift; sourceTree = "<group>"; };
		3775F9AE2C18BFFF007A9249 /* WeatherWidget.swift */ = {isa = PBXFileReference; lastKnownFileType = sourcecode.swift; path = WeatherWidget.swift; sourceTree = "<group>"; };
		3778C25F2C16028F00E120ED /* DreamWeather.app */ = {isa = PBXFileReference; explicitFileType = wrapper.application; includeInIndex = 0; path = DreamWeather.app; sourceTree = BUILT_PRODUCTS_DIR; };
		3778C2622C16028F00E120ED /* DreamWeatherApp.swift */ = {isa = PBXFileReference; lastKnownFileType = sourcecode.swift; path = DreamWeatherApp.swift; sourceTree = "<group>"; };
		3778C2642C16028F00E120ED /* ContentView.swift */ = {isa = PBXFileReference; lastKnownFileType = sourcecode.swift; path = ContentView.swift; sourceTree = "<group>"; };
		3778C2662C16029000E120ED /* Assets.xcassets */ = {isa = PBXFileReference; lastKnownFileType = folder.assetcatalog; path = Assets.xcassets; sourceTree = "<group>"; };
		3778C2692C16029000E120ED /* Preview Assets.xcassets */ = {isa = PBXFileReference; lastKnownFileType = folder.assetcatalog; path = "Preview Assets.xcassets"; sourceTree = "<group>"; };
		3778C27C2C1606B300E120ED /* HomeView.swift */ = {isa = PBXFileReference; lastKnownFileType = sourcecode.swift; path = HomeView.swift; sourceTree = "<group>"; };
		3778C2802C160DE800E120ED /* Extensions.swift */ = {isa = PBXFileReference; fileEncoding = 4; lastKnownFileType = sourcecode.swift; path = Extensions.swift; sourceTree = "<group>"; };
		3778C2822C16C56D00E120ED /* TabBar.swift */ = {isa = PBXFileReference; lastKnownFileType = sourcecode.swift; path = TabBar.swift; sourceTree = "<group>"; };
		3778C2842C16CAE400E120ED /* Shapes.swift */ = {isa = PBXFileReference; lastKnownFileType = sourcecode.swift; path = Shapes.swift; sourceTree = "<group>"; };
		3778C2942C16DDD200E120ED /* ForeCastView.swift */ = {isa = PBXFileReference; lastKnownFileType = sourcecode.swift; path = ForeCastView.swift; sourceTree = "<group>"; };
		3778C29B2C16EB6600E120ED /* Blur.swift */ = {isa = PBXFileReference; lastKnownFileType = sourcecode.swift; path = Blur.swift; sourceTree = "<group>"; };
/* End PBXFileReference section */

/* Begin PBXFrameworksBuildPhase section */
		3778C25C2C16028F00E120ED /* Frameworks */ = {
			isa = PBXFrameworksBuildPhase;
			buildActionMask = 2147483647;
			files = (
				3778C29A2C16E62600E120ED /* BottomSheet in Frameworks */,
			);
			runOnlyForDeploymentPostprocessing = 0;
		};
/* End PBXFrameworksBuildPhase section */

/* Begin PBXGroup section */
		3778C2562C16028F00E120ED = {
			isa = PBXGroup;
			children = (
				3778C2612C16028F00E120ED /* DreamWeather */,
				3778C2602C16028F00E120ED /* Products */,
			);
			sourceTree = "<group>";
		};
		3778C2602C16028F00E120ED /* Products */ = {
			isa = PBXGroup;
			children = (
				3778C25F2C16028F00E120ED /* DreamWeather.app */,
			);
			name = Products;
			sourceTree = "<group>";
		};
		3778C2612C16028F00E120ED /* DreamWeather */ = {
			isa = PBXGroup;
			children = (
				3778C2622C16028F00E120ED /* DreamWeatherApp.swift */,
				3778C2702C1603E500E120ED /* Views */,
				3778C2722C16040200E120ED /* Models */,
				3778C2732C16040D00E120ED /* Utils */,
				3778C2662C16029000E120ED /* Assets.xcassets */,
				3778C2682C16029000E120ED /* Preview Content */,
			);
			path = DreamWeather;
			sourceTree = "<group>";
		};
		3778C2682C16029000E120ED /* Preview Content */ = {
			isa = PBXGroup;
			children = (
				3778C2692C16029000E120ED /* Preview Assets.xcassets */,
			);
			path = "Preview Content";
			sourceTree = "<group>";
		};
		3778C2702C1603E500E120ED /* Views */ = {
			isa = PBXGroup;
			children = (
				3778C2742C16044500E120ED /* Main */,
				3778C2752C16044D00E120ED /* Navigation */,
				3778C2762C16045400E120ED /* Detail */,
				3778C2772C16046200E120ED /* Components */,
			);
			path = Views;
			sourceTree = "<group>";
		};
		3778C2722C16040200E120ED /* Models */ = {
			isa = PBXGroup;
			children = (
				3775F9A62C189222007A9249 /* ForecastModel.swift */,
			);
			path = Models;
			sourceTree = "<group>";
		};
		3778C2732C16040D00E120ED /* Utils */ = {
			isa = PBXGroup;
			children = (
				3778C2802C160DE800E120ED /* Extensions.swift */,
				3778C2842C16CAE400E120ED /* Shapes.swift */,
			);
			path = Utils;
			sourceTree = "<group>";
		};
		3778C2742C16044500E120ED /* Main */ = {
			isa = PBXGroup;
			children = (
				3778C2642C16028F00E120ED /* ContentView.swift */,
				3778C27C2C1606B300E120ED /* HomeView.swift */,
			);
			path = Main;
			sourceTree = "<group>";
		};
		3778C2752C16044D00E120ED /* Navigation */ = {
			isa = PBXGroup;
			children = (
				3778C2822C16C56D00E120ED /* TabBar.swift */,
				3775F9AA2C18BC5D007A9249 /* NavigationBar.swift */,
			);
			path = Navigation;
			sourceTree = "<group>";
		};
		3778C2762C16045400E120ED /* Detail */ = {
			isa = PBXGroup;
			children = (
				3778C2942C16DDD200E120ED /* ForeCastView.swift */,
				3775F9AC2C18BEA3007A9249 /* WeatherView.swift */,
			);
			path = Detail;
			sourceTree = "<group>";
		};
		3778C2772C16046200E120ED /* Components */ = {
			isa = PBXGroup;
			children = (
				3778C29B2C16EB6600E120ED /* Blur.swift */,
				3775F9A22C188C4C007A9249 /* SegmentedControl.swift */,
				3775F9A82C1892D8007A9249 /* ForecastCard.swift */,
				3775F9AE2C18BFFF007A9249 /* WeatherWidget.swift */,
			);
			path = Components;
			sourceTree = "<group>";
		};
/* End PBXGroup section */

/* Begin PBXNativeTarget section */
		3778C25E2C16028F00E120ED /* DreamWeather */ = {
			isa = PBXNativeTarget;
			buildConfigurationList = 3778C26D2C16029000E120ED /* Build configuration list for PBXNativeTarget "DreamWeather" */;
			buildPhases = (
				3778C25B2C16028F00E120ED /* Sources */,
				3778C25C2C16028F00E120ED /* Frameworks */,
				3778C25D2C16028F00E120ED /* Resources */,
			);
			buildRules = (
			);
			dependencies = (
			);
			name = DreamWeather;
			packageProductDependencies = (
				3778C2992C16E62600E120ED /* BottomSheet */,
			);
			productName = DreamWeather;
			productReference = 3778C25F2C16028F00E120ED /* DreamWeather.app */;
			productType = "com.apple.product-type.application";
		};
/* End PBXNativeTarget section */

/* Begin PBXProject section */
		3778C2572C16028F00E120ED /* Project object */ = {
			isa = PBXProject;
			attributes = {
				BuildIndependentTargetsInParallel = 1;
				LastSwiftUpdateCheck = 1540;
				LastUpgradeCheck = 1540;
				TargetAttributes = {
					3778C25E2C16028F00E120ED = {
						CreatedOnToolsVersion = 15.4;
					};
				};
			};
			buildConfigurationList = 3778C25A2C16028F00E120ED /* Build configuration list for PBXProject "DreamWeather" */;
			compatibilityVersion = "Xcode 14.0";
			developmentRegion = en;
			hasScannedForEncodings = 0;
			knownRegions = (
				en,
				Base,
			);
			mainGroup = 3778C2562C16028F00E120ED;
			packageReferences = (
				3778C2982C16E62600E120ED /* XCRemoteSwiftPackageReference "BottomSheet" */,
			);
			productRefGroup = 3778C2602C16028F00E120ED /* Products */;
			projectDirPath = "";
			projectRoot = "";
			targets = (
				3778C25E2C16028F00E120ED /* DreamWeather */,
			);
		};
/* End PBXProject section */

/* Begin PBXResourcesBuildPhase section */
		3778C25D2C16028F00E120ED /* Resources */ = {
			isa = PBXResourcesBuildPhase;
			buildActionMask = 2147483647;
			files = (
				3778C26A2C16029000E120ED /* Preview Assets.xcassets in Resources */,
				3778C2672C16029000E120ED /* Assets.xcassets in Resources */,
			);
			runOnlyForDeploymentPostprocessing = 0;
		};
/* End PBXResourcesBuildPhase section */

/* Begin PBXSourcesBuildPhase section */
		3778C25B2C16028F00E120ED /* Sources */ = {
			isa = PBXSourcesBuildPhase;
			buildActionMask = 2147483647;
			files = (
				3775F9AF2C18BFFF007A9249 /* WeatherWidget.swift in Sources */,
				3775F9A92C1892D8007A9249 /* ForecastCard.swift in Sources */,
				3778C2652C16028F00E120ED /* ContentView.swift in Sources */,
				3775F9A32C188C4D007A9249 /* SegmentedControl.swift in Sources */,
				3778C27D2C1606B300E120ED /* HomeView.swift in Sources */,
				3778C29C2C16EB6600E120ED /* Blur.swift in Sources */,
				3775F9AD2C18BEA3007A9249 /* WeatherView.swift in Sources */,
				3778C2952C16DDD200E120ED /* ForeCastView.swift in Sources */,
				3778C2632C16028F00E120ED /* DreamWeatherApp.swift in Sources */,
				3778C2812C160DE800E120ED /* Extensions.swift in Sources */,
				3778C2832C16C56D00E120ED /* TabBar.swift in Sources */,
				3775F9A72C189222007A9249 /* ForecastModel.swift in Sources */,
				3778C2852C16CAE400E120ED /* Shapes.swift in Sources */,
				3775F9AB2C18BC5D007A9249 /* NavigationBar.swift in Sources */,
			);
			runOnlyForDeploymentPostprocessing = 0;
		};
/* End PBXSourcesBuildPhase section */

/* Begin XCBuildConfiguration section */
		3778C26B2C16029000E120ED /* Debug */ = {
			isa = XCBuildConfiguration;
			buildSettings = {
				ALWAYS_SEARCH_USER_PATHS = NO;
				ASSETCATALOG_COMPILER_GENERATE_SWIFT_ASSET_SYMBOL_EXTENSIONS = YES;
				CLANG_ANALYZER_NONNULL = YES;
				CLANG_ANALYZER_NUMBER_OBJECT_CONVERSION = YES_AGGRESSIVE;
				CLANG_CXX_LANGUAGE_STANDARD = "gnu++20";
				CLANG_ENABLE_MODULES = YES;
				CLANG_ENABLE_OBJC_ARC = YES;
				CLANG_ENABLE_OBJC_WEAK = YES;
				CLANG_WARN_BLOCK_CAPTURE_AUTORELEASING = YES;
				CLANG_WARN_BOOL_CONVERSION = YES;
				CLANG_WARN_COMMA = YES;
				CLANG_WARN_CONSTANT_CONVERSION = YES;
				CLANG_WARN_DEPRECATED_OBJC_IMPLEMENTATIONS = YES;
				CLANG_WARN_DIRECT_OBJC_ISA_USAGE = YES_ERROR;
				CLANG_WARN_DOCUMENTATION_COMMENTS = YES;
				CLANG_WARN_EMPTY_BODY = YES;
				CLANG_WARN_ENUM_CONVERSION = YES;
				CLANG_WARN_INFINITE_RECURSION = YES;
				CLANG_WARN_INT_CONVERSION = YES;
				CLANG_WARN_NON_LITERAL_NULL_CONVERSION = YES;
				CLANG_WARN_OBJC_IMPLICIT_RETAIN_SELF = YES;
				CLANG_WARN_OBJC_LITERAL_CONVERSION = YES;
				CLANG_WARN_OBJC_ROOT_CLASS = YES_ERROR;
				CLANG_WARN_QUOTED_INCLUDE_IN_FRAMEWORK_HEADER = YES;
				CLANG_WARN_RANGE_LOOP_ANALYSIS = YES;
				CLANG_WARN_STRICT_PROTOTYPES = YES;
				CLANG_WARN_SUSPICIOUS_MOVE = YES;
				CLANG_WARN_UNGUARDED_AVAILABILITY = YES_AGGRESSIVE;
				CLANG_WARN_UNREACHABLE_CODE = YES;
				CLANG_WARN__DUPLICATE_METHOD_MATCH = YES;
				COPY_PHASE_STRIP = NO;
				DEBUG_INFORMATION_FORMAT = dwarf;
				ENABLE_STRICT_OBJC_MSGSEND = YES;
				ENABLE_TESTABILITY = YES;
				ENABLE_USER_SCRIPT_SANDBOXING = YES;
				GCC_C_LANGUAGE_STANDARD = gnu17;
				GCC_DYNAMIC_NO_PIC = NO;
				GCC_NO_COMMON_BLOCKS = YES;
				GCC_OPTIMIZATION_LEVEL = 0;
				GCC_PREPROCESSOR_DEFINITIONS = (
					"DEBUG=1",
					"$(inherited)",
				);
				GCC_WARN_64_TO_32_BIT_CONVERSION = YES;
				GCC_WARN_ABOUT_RETURN_TYPE = YES_ERROR;
				GCC_WARN_UNDECLARED_SELECTOR = YES;
				GCC_WARN_UNINITIALIZED_AUTOS = YES_AGGRESSIVE;
				GCC_WARN_UNUSED_FUNCTION = YES;
				GCC_WARN_UNUSED_VARIABLE = YES;
				IPHONEOS_DEPLOYMENT_TARGET = 17.5;
				LOCALIZATION_PREFERS_STRING_CATALOGS = YES;
				MTL_ENABLE_DEBUG_INFO = INCLUDE_SOURCE;
				MTL_FAST_MATH = YES;
				ONLY_ACTIVE_ARCH = YES;
				SDKROOT = iphoneos;
				SWIFT_ACTIVE_COMPILATION_CONDITIONS = "DEBUG $(inherited)";
				SWIFT_OPTIMIZATION_LEVEL = "-Onone";
			};
			name = Debug;
		};
		3778C26C2C16029000E120ED /* Release */ = {
			isa = XCBuildConfiguration;
			buildSettings = {
				ALWAYS_SEARCH_USER_PATHS = NO;
				ASSETCATALOG_COMPILER_GENERATE_SWIFT_ASSET_SYMBOL_EXTENSIONS = YES;
				CLANG_ANALYZER_NONNULL = YES;
				CLANG_ANALYZER_NUMBER_OBJECT_CONVERSION = YES_AGGRESSIVE;
				CLANG_CXX_LANGUAGE_STANDARD = "gnu++20";
				CLANG_ENABLE_MODULES = YES;
				CLANG_ENABLE_OBJC_ARC = YES;
				CLANG_ENABLE_OBJC_WEAK = YES;
				CLANG_WARN_BLOCK_CAPTURE_AUTORELEASING = YES;
				CLANG_WARN_BOOL_CONVERSION = YES;
				CLANG_WARN_COMMA = YES;
				CLANG_WARN_CONSTANT_CONVERSION = YES;
				CLANG_WARN_DEPRECATED_OBJC_IMPLEMENTATIONS = YES;
				CLANG_WARN_DIRECT_OBJC_ISA_USAGE = YES_ERROR;
				CLANG_WARN_DOCUMENTATION_COMMENTS = YES;
				CLANG_WARN_EMPTY_BODY = YES;
				CLANG_WARN_ENUM_CONVERSION = YES;
				CLANG_WARN_INFINITE_RECURSION = YES;
				CLANG_WARN_INT_CONVERSION = YES;
				CLANG_WARN_NON_LITERAL_NULL_CONVERSION = YES;
				CLANG_WARN_OBJC_IMPLICIT_RETAIN_SELF = YES;
				CLANG_WARN_OBJC_LITERAL_CONVERSION = YES;
				CLANG_WARN_OBJC_ROOT_CLASS = YES_ERROR;
				CLANG_WARN_QUOTED_INCLUDE_IN_FRAMEWORK_HEADER = YES;
				CLANG_WARN_RANGE_LOOP_ANALYSIS = YES;
				CLANG_WARN_STRICT_PROTOTYPES = YES;
				CLANG_WARN_SUSPICIOUS_MOVE = YES;
				CLANG_WARN_UNGUARDED_AVAILABILITY = YES_AGGRESSIVE;
				CLANG_WARN_UNREACHABLE_CODE = YES;
				CLANG_WARN__DUPLICATE_METHOD_MATCH = YES;
				COPY_PHASE_STRIP = NO;
				DEBUG_INFORMATION_FORMAT = "dwarf-with-dsym";
				ENABLE_NS_ASSERTIONS = NO;
				ENABLE_STRICT_OBJC_MSGSEND = YES;
				ENABLE_USER_SCRIPT_SANDBOXING = YES;
				GCC_C_LANGUAGE_STANDARD = gnu17;
				GCC_NO_COMMON_BLOCKS = YES;
				GCC_WARN_64_TO_32_BIT_CONVERSION = YES;
				GCC_WARN_ABOUT_RETURN_TYPE = YES_ERROR;
				GCC_WARN_UNDECLARED_SELECTOR = YES;
				GCC_WARN_UNINITIALIZED_AUTOS = YES_AGGRESSIVE;
				GCC_WARN_UNUSED_FUNCTION = YES;
				GCC_WARN_UNUSED_VARIABLE = YES;
				IPHONEOS_DEPLOYMENT_TARGET = 17.5;
				LOCALIZATION_PREFERS_STRING_CATALOGS = YES;
				MTL_ENABLE_DEBUG_INFO = NO;
				MTL_FAST_MATH = YES;
				SDKROOT = iphoneos;
				SWIFT_COMPILATION_MODE = wholemodule;
				VALIDATE_PRODUCT = YES;
			};
			name = Release;
		};
		3778C26E2C16029000E120ED /* Debug */ = {
			isa = XCBuildConfiguration;
			buildSettings = {
				ASSETCATALOG_COMPILER_APPICON_NAME = AppIcon;
				ASSETCATALOG_COMPILER_GLOBAL_ACCENT_COLOR_NAME = AccentColor;
				CODE_SIGN_STYLE = Automatic;
				CURRENT_PROJECT_VERSION = 1;
				DEVELOPMENT_ASSET_PATHS = "\"DreamWeather/Preview Content\"";
				DEVELOPMENT_TEAM = 2M98MY3M36;
				ENABLE_PREVIEWS = YES;
				GENERATE_INFOPLIST_FILE = YES;
				INFOPLIST_KEY_UIApplicationSceneManifest_Generation = YES;
				INFOPLIST_KEY_UIApplicationSupportsIndirectInputEvents = YES;
				INFOPLIST_KEY_UILaunchScreen_Generation = YES;
				INFOPLIST_KEY_UISupportedInterfaceOrientations = UIInterfaceOrientationPortrait;
				INFOPLIST_KEY_UISupportedInterfaceOrientations_iPad = "UIInterfaceOrientationLandscapeLeft UIInterfaceOrientationLandscapeRight UIInterfaceOrientationPortrait UIInterfaceOrientationPortraitUpsideDown";
				LD_RUNPATH_SEARCH_PATHS = (
					"$(inherited)",
					"@executable_path/Frameworks",
				);
				MARKETING_VERSION = 1.0;
				PRODUCT_BUNDLE_IDENTIFIER = com.onuranil.DreamWeather;
				PRODUCT_NAME = "$(TARGET_NAME)";
				SWIFT_EMIT_LOC_STRINGS = YES;
				SWIFT_VERSION = 5.0;
				TARGETED_DEVICE_FAMILY = "1,2";
			};
			name = Debug;
		};
		3778C26F2C16029000E120ED /* Release */ = {
			isa = XCBuildConfiguration;
			buildSettings = {
				ASSETCATALOG_COMPILER_APPICON_NAME = AppIcon;
				ASSETCATALOG_COMPILER_GLOBAL_ACCENT_COLOR_NAME = AccentColor;
				CODE_SIGN_STYLE = Automatic;
				CURRENT_PROJECT_VERSION = 1;
				DEVELOPMENT_ASSET_PATHS = "\"DreamWeather/Preview Content\"";
				DEVELOPMENT_TEAM = 2M98MY3M36;
				ENABLE_PREVIEWS = YES;
				GENERATE_INFOPLIST_FILE = YES;
				INFOPLIST_KEY_UIApplicationSceneManifest_Generation = YES;
				INFOPLIST_KEY_UIApplicationSupportsIndirectInputEvents = YES;
				INFOPLIST_KEY_UILaunchScreen_Generation = YES;
				INFOPLIST_KEY_UISupportedInterfaceOrientations = UIInterfaceOrientationPortrait;
				INFOPLIST_KEY_UISupportedInterfaceOrientations_iPad = "UIInterfaceOrientationLandscapeLeft UIInterfaceOrientationLandscapeRight UIInterfaceOrientationPortrait UIInterfaceOrientationPortraitUpsideDown";
				LD_RUNPATH_SEARCH_PATHS = (
					"$(inherited)",
					"@executable_path/Frameworks",
				);
				MARKETING_VERSION = 1.0;
				PRODUCT_BUNDLE_IDENTIFIER = com.onuranil.DreamWeather;
				PRODUCT_NAME = "$(TARGET_NAME)";
				SWIFT_EMIT_LOC_STRINGS = YES;
				SWIFT_VERSION = 5.0;
				TARGETED_DEVICE_FAMILY = "1,2";
			};
			name = Release;
		};
/* End XCBuildConfiguration section */

/* Begin XCConfigurationList section */
		3778C25A2C16028F00E120ED /* Build configuration list for PBXProject "DreamWeather" */ = {
			isa = XCConfigurationList;
			buildConfigurations = (
				3778C26B2C16029000E120ED /* Debug */,
				3778C26C2C16029000E120ED /* Release */,
			);
			defaultConfigurationIsVisible = 0;
			defaultConfigurationName = Release;
		};
		3778C26D2C16029000E120ED /* Build configuration list for PBXNativeTarget "DreamWeather" */ = {
			isa = XCConfigurationList;
			buildConfigurations = (
				3778C26E2C16029000E120ED /* Debug */,
				3778C26F2C16029000E120ED /* Release */,
			);
			defaultConfigurationIsVisible = 0;
			defaultConfigurationName = Release;
		};
/* End XCConfigurationList section */

/* Begin XCRemoteSwiftPackageReference section */
		3778C2982C16E62600E120ED /* XCRemoteSwiftPackageReference "BottomSheet" */ = {
			isa = XCRemoteSwiftPackageReference;
			repositoryURL = "https://github.com/Wouter125/BottomSheet";
			requirement = {
				kind = versionRange;
				maximumVersion = 1.4.5;
				minimumVersion = 1.4.4;
			};
		};
/* End XCRemoteSwiftPackageReference section */

/* Begin XCSwiftPackageProductDependency section */
		3778C2992C16E62600E120ED /* BottomSheet */ = {
			isa = XCSwiftPackageProductDependency;
			package = 3778C2982C16E62600E120ED /* XCRemoteSwiftPackageReference "BottomSheet" */;
			productName = BottomSheet;
		};
/* End XCSwiftPackageProductDependency section */
	};
	rootObject = 3778C2572C16028F00E120ED /* Project object */;
}
