{
  "originHash" : "4708209c7bf5f316fdc08c9b72f997570b1c2357cbfb64306e8ba562f12e7eba",
  "pins" : [
    {
      "identity" : "bottomsheet",
      "kind" : "remoteSourceControl",
      "location" : "https://github.com/Wouter125/BottomSheet",
      "state" : {
        "revision" : "0ab9a4b531eebc308d9c66bee4c194f02d5596ef",
        "version" : "1.4.4"
      }
    }
  ],
  "version" : 3
}
